
Microsoft Visual Studio Solution File, Format Version 12.00
# Visual Studio Version 17
VisualStudioVersion = 17.11.35327.3
MinimumVisualStudioVersion = 10.0.40219.1
Project("{9A19103F-16F7-4668-BE54-9A1E7A4F7556}") = "Catalog.API", "Services\Catalog\Catalog.API\Catalog.API.csproj", "{306AD48A-E5AB-44C2-B7AB-9EB3F249FC14}"
EndProject
Project("{2150E333-8FDC-42A3-9474-1A3956D46DE8}") = "Services", "Services", "{0662E2D6-FE48-4E1C-BBA9-72C3CF5CBA03}"
EndProject
Project("{2150E333-8FDC-42A3-9474-1A3956D46DE8}") = "Catalog", "Catalog", "{9FD6A6D1-ED68-42AD-A287-4AE020607D25}"
EndProject
Project("{9A19103F-16F7-4668-BE54-9A1E7A4F7556}") = "Catalog.Application", "Services\Catalog\Catalog.Application\Catalog.Application.csproj", "{1B7E5770-2706-43F8-88EB-78199E7B184C}"
EndProject
Project("{9A19103F-16F7-4668-BE54-9A1E7A4F7556}") = "Catalog.Core", "Services\Catalog\Catalog.Core\Catalog.Core.csproj", "{8AEE916D-BCB7-4C56-902D-F8CBF3596AE3}"
EndProject
Project("{9A19103F-16F7-4668-BE54-9A1E7A4F7556}") = "Catalog.Infrastructure", "Services\Catalog\Catalog.Infrastructure\Catalog.Infrastructure.csproj", "{B847ACE9-7E15-419F-9595-3D710FA147E7}"
EndProject
Project("{E53339B2-1760-4266-BCC7-CA923CBCF16C}") = "docker-compose", "docker-compose.dcproj", "{58276A8D-60F0-40CA-9245-E18D7A730544}"
EndProject
Project("{2150E333-8FDC-42A3-9474-1A3956D46DE8}") = "Basket", "Basket", "{D1FDAEE2-544D-4137-88D1-8A72764690CF}"
EndProject
Project("{9A19103F-16F7-4668-BE54-9A1E7A4F7556}") = "Basket.API", "Services\Basket\Basket.API\Basket.API.csproj", "{ED0EF5E0-BD2C-4A23-8C4D-6B9BD3D49DB9}"
EndProject
Project("{9A19103F-16F7-4668-BE54-9A1E7A4F7556}") = "Basket.Core", "Services\Basket\Basket.Core\Basket.Core.csproj", "{E67322F2-617A-4FE0-AE09-4F7D1E9B5A08}"
EndProject
Project("{9A19103F-16F7-4668-BE54-9A1E7A4F7556}") = "Basket.Infrastructure", "Services\Basket\Basket.Infrastructure\Basket.Infrastructure.csproj", "{EAF6034E-BA97-4284-BA5A-68A24B8ED0B6}"
EndProject
Project("{9A19103F-16F7-4668-BE54-9A1E7A4F7556}") = "Basket.Application", "Services\Basket\Basket.Application\Basket.Application.csproj", "{4FC083DF-38F4-4BB8-B45B-B1AD0A1D454A}"
EndProject
Project("{9A19103F-16F7-4668-BE54-9A1E7A4F7556}") = "Discount.API", "Services\Discount\Discount.API\Discount.API.csproj", "{D6466471-4523-42DB-96F2-3324E0FFBD1C}"
EndProject
Project("{2150E333-8FDC-42A3-9474-1A3956D46DE8}") = "Discount", "Discount", "{F12EB367-B465-4692-AACE-04B7FAC9C997}"
EndProject
Project("{9A19103F-16F7-4668-BE54-9A1E7A4F7556}") = "Discount.Core", "Services\Discount\Discount.Core\Discount.Core.csproj", "{6A76D673-657A-4621-9645-05B655758075}"
EndProject
Project("{9A19103F-16F7-4668-BE54-9A1E7A4F7556}") = "Discount.Application", "Services\Discount\Discount.Application\Discount.Application.csproj", "{7A442967-F62F-4ED0-B36D-13ACADCD7238}"
EndProject
Project("{9A19103F-16F7-4668-BE54-9A1E7A4F7556}") = "Discount.Infrastructure", "Services\Discount\Discount.Infrastructure\Discount.Infrastructure.csproj", "{B50968EF-8FCA-4EC4-908B-43EEC2E2F93D}"
EndProject
Project("{2150E333-8FDC-42A3-9474-1A3956D46DE8}") = "Ordering", "Ordering", "{2CACB9CE-975D-4EFB-B703-65D452A44913}"
EndProject
Project("{9A19103F-16F7-4668-BE54-9A1E7A4F7556}") = "Ordering.API", "Services\Ordering\Ordering.API\Ordering.API.csproj", "{FC660FB7-97E7-4F0D-84D7-52E67B2E3F12}"
EndProject
Project("{9A19103F-16F7-4668-BE54-9A1E7A4F7556}") = "Ordering.Core", "Services\Ordering\Ordering.Core\Ordering.Core.csproj", "{06E9D25B-14ED-4618-8027-DACF80615F94}"
EndProject
Project("{9A19103F-16F7-4668-BE54-9A1E7A4F7556}") = "Ordering.Infrastructure", "Services\Ordering\Ordering.Infrastructure\Ordering.Infrastructure.csproj", "{89999BDF-A956-46B4-9175-EBC9AF6AFD47}"
EndProject
Project("{9A19103F-16F7-4668-BE54-9A1E7A4F7556}") = "Ordering.Application", "Services\Ordering\Ordering.Application\Ordering.Application.csproj", "{4131D127-8910-4CBD-BC93-10B3BA49A998}"
EndProject
Project("{2150E333-8FDC-42A3-9474-1A3956D46DE8}") = "Infrastructure", "Infrastructure", "{58A9E195-571A-4E39-A272-D4ECEC449985}"
EndProject
Project("{9A19103F-16F7-4668-BE54-9A1E7A4F7556}") = "EventBus.Messages", "Infrastructure\EventBus.Messages\EventBus.Messages.csproj", "{121CDEDE-34C8-4EB6-B3B0-B8656CFB6B6A}"
EndProject
Project("{FAE04EC0-301F-11D3-BF4B-00C04F79EFBC}") = "Common.Logging", "Infrastructure\Common.Logging\Common.Logging.csproj", "{A219D16E-BC99-47AA-8D42-E0C1A3F82A44}"
EndProject
Global
	GlobalSection(SolutionConfigurationPlatforms) = preSolution
		Debug|Any CPU = Debug|Any CPU
		Release|Any CPU = Release|Any CPU
	EndGlobalSection
	GlobalSection(ProjectConfigurationPlatforms) = postSolution
		{306AD48A-E5AB-44C2-B7AB-9EB3F249FC14}.Debug|Any CPU.ActiveCfg = Debug|Any CPU
		{306AD48A-E5AB-44C2-B7AB-9EB3F249FC14}.Debug|Any CPU.Build.0 = Debug|Any CPU
		{306AD48A-E5AB-44C2-B7AB-9EB3F249FC14}.Release|Any CPU.ActiveCfg = Release|Any CPU
		{306AD48A-E5AB-44C2-B7AB-9EB3F249FC14}.Release|Any CPU.Build.0 = Release|Any CPU
		{1B7E5770-2706-43F8-88EB-78199E7B184C}.Debug|Any CPU.ActiveCfg = Debug|Any CPU
		{1B7E5770-2706-43F8-88EB-78199E7B184C}.Debug|Any CPU.Build.0 = Debug|Any CPU
		{1B7E5770-2706-43F8-88EB-78199E7B184C}.Release|Any CPU.ActiveCfg = Release|Any CPU
		{1B7E5770-2706-43F8-88EB-78199E7B184C}.Release|Any CPU.Build.0 = Release|Any CPU
		{8AEE916D-BCB7-4C56-902D-F8CBF3596AE3}.Debug|Any CPU.ActiveCfg = Debug|Any CPU
		{8AEE916D-BCB7-4C56-902D-F8CBF3596AE3}.Debug|Any CPU.Build.0 = Debug|Any CPU
		{8AEE916D-BCB7-4C56-902D-F8CBF3596AE3}.Release|Any CPU.ActiveCfg = Release|Any CPU
		{8AEE916D-BCB7-4C56-902D-F8CBF3596AE3}.Release|Any CPU.Build.0 = Release|Any CPU
		{B847ACE9-7E15-419F-9595-3D710FA147E7}.Debug|Any CPU.ActiveCfg = Debug|Any CPU
		{B847ACE9-7E15-419F-9595-3D710FA147E7}.Debug|Any CPU.Build.0 = Debug|Any CPU
		{B847ACE9-7E15-419F-9595-3D710FA147E7}.Release|Any CPU.ActiveCfg = Release|Any CPU
		{B847ACE9-7E15-419F-9595-3D710FA147E7}.Release|Any CPU.Build.0 = Release|Any CPU
		{58276A8D-60F0-40CA-9245-E18D7A730544}.Debug|Any CPU.ActiveCfg = Debug|Any CPU
		{58276A8D-60F0-40CA-9245-E18D7A730544}.Debug|Any CPU.Build.0 = Debug|Any CPU
		{58276A8D-60F0-40CA-9245-E18D7A730544}.Release|Any CPU.ActiveCfg = Release|Any CPU
		{58276A8D-60F0-40CA-9245-E18D7A730544}.Release|Any CPU.Build.0 = Release|Any CPU
		{ED0EF5E0-BD2C-4A23-8C4D-6B9BD3D49DB9}.Debug|Any CPU.ActiveCfg = Debug|Any CPU
		{ED0EF5E0-BD2C-4A23-8C4D-6B9BD3D49DB9}.Debug|Any CPU.Build.0 = Debug|Any CPU
		{ED0EF5E0-BD2C-4A23-8C4D-6B9BD3D49DB9}.Release|Any CPU.ActiveCfg = Release|Any CPU
		{ED0EF5E0-BD2C-4A23-8C4D-6B9BD3D49DB9}.Release|Any CPU.Build.0 = Release|Any CPU
		{E67322F2-617A-4FE0-AE09-4F7D1E9B5A08}.Debug|Any CPU.ActiveCfg = Debug|Any CPU
		{E67322F2-617A-4FE0-AE09-4F7D1E9B5A08}.Debug|Any CPU.Build.0 = Debug|Any CPU
		{E67322F2-617A-4FE0-AE09-4F7D1E9B5A08}.Release|Any CPU.ActiveCfg = Release|Any CPU
		{E67322F2-617A-4FE0-AE09-4F7D1E9B5A08}.Release|Any CPU.Build.0 = Release|Any CPU
		{EAF6034E-BA97-4284-BA5A-68A24B8ED0B6}.Debug|Any CPU.ActiveCfg = Debug|Any CPU
		{EAF6034E-BA97-4284-BA5A-68A24B8ED0B6}.Debug|Any CPU.Build.0 = Debug|Any CPU
		{EAF6034E-BA97-4284-BA5A-68A24B8ED0B6}.Release|Any CPU.ActiveCfg = Release|Any CPU
		{EAF6034E-BA97-4284-BA5A-68A24B8ED0B6}.Release|Any CPU.Build.0 = Release|Any CPU
		{4FC083DF-38F4-4BB8-B45B-B1AD0A1D454A}.Debug|Any CPU.ActiveCfg = Debug|Any CPU
		{4FC083DF-38F4-4BB8-B45B-B1AD0A1D454A}.Debug|Any CPU.Build.0 = Debug|Any CPU
		{4FC083DF-38F4-4BB8-B45B-B1AD0A1D454A}.Release|Any CPU.ActiveCfg = Release|Any CPU
		{4FC083DF-38F4-4BB8-B45B-B1AD0A1D454A}.Release|Any CPU.Build.0 = Release|Any CPU
		{D6466471-4523-42DB-96F2-3324E0FFBD1C}.Debug|Any CPU.ActiveCfg = Debug|Any CPU
		{D6466471-4523-42DB-96F2-3324E0FFBD1C}.Debug|Any CPU.Build.0 = Debug|Any CPU
		{D6466471-4523-42DB-96F2-3324E0FFBD1C}.Release|Any CPU.ActiveCfg = Release|Any CPU
		{D6466471-4523-42DB-96F2-3324E0FFBD1C}.Release|Any CPU.Build.0 = Release|Any CPU
		{6A76D673-657A-4621-9645-05B655758075}.Debug|Any CPU.ActiveCfg = Debug|Any CPU
		{6A76D673-657A-4621-9645-05B655758075}.Debug|Any CPU.Build.0 = Debug|Any CPU
		{6A76D673-657A-4621-9645-05B655758075}.Release|Any CPU.ActiveCfg = Release|Any CPU
		{6A76D673-657A-4621-9645-05B655758075}.Release|Any CPU.Build.0 = Release|Any CPU
		{7A442967-F62F-4ED0-B36D-13ACADCD7238}.Debug|Any CPU.ActiveCfg = Debug|Any CPU
		{7A442967-F62F-4ED0-B36D-13ACADCD7238}.Debug|Any CPU.Build.0 = Debug|Any CPU
		{7A442967-F62F-4ED0-B36D-13ACADCD7238}.Release|Any CPU.ActiveCfg = Release|Any CPU
		{7A442967-F62F-4ED0-B36D-13ACADCD7238}.Release|Any CPU.Build.0 = Release|Any CPU
		{B50968EF-8FCA-4EC4-908B-43EEC2E2F93D}.Debug|Any CPU.ActiveCfg = Debug|Any CPU
		{B50968EF-8FCA-4EC4-908B-43EEC2E2F93D}.Debug|Any CPU.Build.0 = Debug|Any CPU
		{B50968EF-8FCA-4EC4-908B-43EEC2E2F93D}.Release|Any CPU.ActiveCfg = Release|Any CPU
		{B50968EF-8FCA-4EC4-908B-43EEC2E2F93D}.Release|Any CPU.Build.0 = Release|Any CPU
		{FC660FB7-97E7-4F0D-84D7-52E67B2E3F12}.Debug|Any CPU.ActiveCfg = Debug|Any CPU
		{FC660FB7-97E7-4F0D-84D7-52E67B2E3F12}.Debug|Any CPU.Build.0 = Debug|Any CPU
		{FC660FB7-97E7-4F0D-84D7-52E67B2E3F12}.Release|Any CPU.ActiveCfg = Release|Any CPU
		{FC660FB7-97E7-4F0D-84D7-52E67B2E3F12}.Release|Any CPU.Build.0 = Release|Any CPU
		{06E9D25B-14ED-4618-8027-DACF80615F94}.Debug|Any CPU.ActiveCfg = Debug|Any CPU
		{06E9D25B-14ED-4618-8027-DACF80615F94}.Debug|Any CPU.Build.0 = Debug|Any CPU
		{06E9D25B-14ED-4618-8027-DACF80615F94}.Release|Any CPU.ActiveCfg = Release|Any CPU
		{06E9D25B-14ED-4618-8027-DACF80615F94}.Release|Any CPU.Build.0 = Release|Any CPU
		{89999BDF-A956-46B4-9175-EBC9AF6AFD47}.Debug|Any CPU.ActiveCfg = Debug|Any CPU
		{89999BDF-A956-46B4-9175-EBC9AF6AFD47}.Debug|Any CPU.Build.0 = Debug|Any CPU
		{89999BDF-A956-46B4-9175-EBC9AF6AFD47}.Release|Any CPU.ActiveCfg = Release|Any CPU
		{89999BDF-A956-46B4-9175-EBC9AF6AFD47}.Release|Any CPU.Build.0 = Release|Any CPU
		{4131D127-8910-4CBD-BC93-10B3BA49A998}.Debug|Any CPU.ActiveCfg = Debug|Any CPU
		{4131D127-8910-4CBD-BC93-10B3BA49A998}.Debug|Any CPU.Build.0 = Debug|Any CPU
		{4131D127-8910-4CBD-BC93-10B3BA49A998}.Release|Any CPU.ActiveCfg = Release|Any CPU
		{4131D127-8910-4CBD-BC93-10B3BA49A998}.Release|Any CPU.Build.0 = Release|Any CPU
		{121CDEDE-34C8-4EB6-B3B0-B8656CFB6B6A}.Debug|Any CPU.ActiveCfg = Debug|Any CPU
		{121CDEDE-34C8-4EB6-B3B0-B8656CFB6B6A}.Debug|Any CPU.Build.0 = Debug|Any CPU
		{121CDEDE-34C8-4EB6-B3B0-B8656CFB6B6A}.Release|Any CPU.ActiveCfg = Release|Any CPU
		{121CDEDE-34C8-4EB6-B3B0-B8656CFB6B6A}.Release|Any CPU.Build.0 = Release|Any CPU
		{A219D16E-BC99-47AA-8D42-E0C1A3F82A44}.Debug|Any CPU.ActiveCfg = Debug|Any CPU
		{A219D16E-BC99-47AA-8D42-E0C1A3F82A44}.Debug|Any CPU.Build.0 = Debug|Any CPU
		{A219D16E-BC99-47AA-8D42-E0C1A3F82A44}.Release|Any CPU.ActiveCfg = Release|Any CPU
		{A219D16E-BC99-47AA-8D42-E0C1A3F82A44}.Release|Any CPU.Build.0 = Release|Any CPU
	EndGlobalSection
	GlobalSection(SolutionProperties) = preSolution
		HideSolutionNode = FALSE
	EndGlobalSection
	GlobalSection(NestedProjects) = preSolution
		{306AD48A-E5AB-44C2-B7AB-9EB3F249FC14} = {9FD6A6D1-ED68-42AD-A287-4AE020607D25}
		{9FD6A6D1-ED68-42AD-A287-4AE020607D25} = {0662E2D6-FE48-4E1C-BBA9-72C3CF5CBA03}
		{1B7E5770-2706-43F8-88EB-78199E7B184C} = {9FD6A6D1-ED68-42AD-A287-4AE020607D25}
		{8AEE916D-BCB7-4C56-902D-F8CBF3596AE3} = {9FD6A6D1-ED68-42AD-A287-4AE020607D25}
		{B847ACE9-7E15-419F-9595-3D710FA147E7} = {9FD6A6D1-ED68-42AD-A287-4AE020607D25}
		{D1FDAEE2-544D-4137-88D1-8A72764690CF} = {0662E2D6-FE48-4E1C-BBA9-72C3CF5CBA03}
		{ED0EF5E0-BD2C-4A23-8C4D-6B9BD3D49DB9} = {D1FDAEE2-544D-4137-88D1-8A72764690CF}
		{E67322F2-617A-4FE0-AE09-4F7D1E9B5A08} = {D1FDAEE2-544D-4137-88D1-8A72764690CF}
		{EAF6034E-BA97-4284-BA5A-68A24B8ED0B6} = {D1FDAEE2-544D-4137-88D1-8A72764690CF}
		{4FC083DF-38F4-4BB8-B45B-B1AD0A1D454A} = {D1FDAEE2-544D-4137-88D1-8A72764690CF}
		{D6466471-4523-42DB-96F2-3324E0FFBD1C} = {F12EB367-B465-4692-AACE-04B7FAC9C997}
		{F12EB367-B465-4692-AACE-04B7FAC9C997} = {0662E2D6-FE48-4E1C-BBA9-72C3CF5CBA03}
		{6A76D673-657A-4621-9645-05B655758075} = {F12EB367-B465-4692-AACE-04B7FAC9C997}
		{7A442967-F62F-4ED0-B36D-13ACADCD7238} = {F12EB367-B465-4692-AACE-04B7FAC9C997}
		{B50968EF-8FCA-4EC4-908B-43EEC2E2F93D} = {F12EB367-B465-4692-AACE-04B7FAC9C997}
		{2CACB9CE-975D-4EFB-B703-65D452A44913} = {0662E2D6-FE48-4E1C-BBA9-72C3CF5CBA03}
		{FC660FB7-97E7-4F0D-84D7-52E67B2E3F12} = {2CACB9CE-975D-4EFB-B703-65D452A44913}
		{06E9D25B-14ED-4618-8027-DACF80615F94} = {2CACB9CE-975D-4EFB-B703-65D452A44913}
		{89999BDF-A956-46B4-9175-EBC9AF6AFD47} = {2CACB9CE-975D-4EFB-B703-65D452A44913}
		{4131D127-8910-4CBD-BC93-10B3BA49A998} = {2CACB9CE-975D-4EFB-B703-65D452A44913}
		{121CDEDE-34C8-4EB6-B3B0-B8656CFB6B6A} = {58A9E195-571A-4E39-A272-D4ECEC449985}
		{A219D16E-BC99-47AA-8D42-E0C1A3F82A44} = {58A9E195-571A-4E39-A272-D4ECEC449985}
	EndGlobalSection
	GlobalSection(ExtensibilityGlobals) = postSolution
		SolutionGuid = {A1B68499-2290-49C1-AF8A-29D75C5E94D6}
	EndGlobalSection
EndGlobal
